
Microsoft Visual Studio Solution File, Format Version 12.00
# Visual Studio 15
VisualStudioVersion = 15.0.27703.2000
MinimumVisualStudioVersion = 10.0.40219.1
Project("{FAE04EC0-301F-11D3-BF4B-00C04F79EFBC}") = "Quietanza.Web", "Quietanza.Web\Quietanza.Web.csproj", "{FE937A7C-A6CA-4E7E-85EE-719F2B3EAAE7}"
EndProject
Global
	GlobalSection(SolutionConfigurationPlatforms) = preSolution
		Debug|Any CPU = Debug|Any CPU
		Release|Any CPU = Release|Any CPU
	EndGlobalSection
	GlobalSection(ProjectConfigurationPlatforms) = postSolution
		{FE937A7C-A6CA-4E7E-85EE-719F2B3EAAE7}.Debug|Any CPU.ActiveCfg = Debug|Any CPU
		{FE937A7C-A6CA-4E7E-85EE-719F2B3EAAE7}.Debug|Any CPU.Build.0 = Debug|Any CPU
		{FE937A7C-A6CA-4E7E-85EE-719F2B3EAAE7}.Release|Any CPU.ActiveCfg = Release|Any CPU
		{FE937A7C-A6CA-4E7E-85EE-719F2B3EAAE7}.Release|Any CPU.Build.0 = Release|Any CPU
	EndGlobalSection
	GlobalSection(SolutionProperties) = preSolution
		HideSolutionNode = FALSE
	EndGlobalSection
	GlobalSection(ExtensibilityGlobals) = postSolution
		SolutionGuid = {1EF1D541-3076-4338-8DB6-6716B33222BA}
	EndGlobalSection
EndGlobal
